// !$*UTF8*$!
{
	archiveVersion = 1;
	classes = {
	};
	objectVersion = 50;
	objects = {

/* Begin PBXBuildFile section */
		0FD4B94CAFD48728120C94EC /* Pods_SocialBlob.framework in Frameworks */ = {isa = PBXBuildFile; fileRef = CC8B5C9E68A7B323275D69AA /* Pods_SocialBlob.framework */; };
		8340F45A22F86D4600A73914 /* AppDelegate.swift in Sources */ = {isa = PBXBuildFile; fileRef = 8340F45922F86D4600A73914 /* AppDelegate.swift */; };
		8340F45F22F86D4700A73914 /* Main.storyboard in Resources */ = {isa = PBXBuildFile; fileRef = 8340F45D22F86D4700A73914 /* Main.storyboard */; };
		8340F46122F86D7600A73914 /* Assets.xcassets in Resources */ = {isa = PBXBuildFile; fileRef = 8340F46022F86D7600A73914 /* Assets.xcassets */; };
		8340F46422F86D7600A73914 /* LaunchScreen.storyboard in Resources */ = {isa = PBXBuildFile; fileRef = 8340F46222F86D7600A73914 /* LaunchScreen.storyboard */; };
		8340F47322F884C900A73914 /* Default-568h@2x.png in Resources */ = {isa = PBXBuildFile; fileRef = 8340F47222F884C900A73914 /* Default-568h@2x.png */; };
		8340F47922F886B700A73914 /* Montserrat-Medium.ttf in Resources */ = {isa = PBXBuildFile; fileRef = 8340F47522F886B700A73914 /* Montserrat-Medium.ttf */; };
		8340F47A22F886B700A73914 /* Montserrat-Bold.ttf in Resources */ = {isa = PBXBuildFile; fileRef = 8340F47622F886B700A73914 /* Montserrat-Bold.ttf */; };
		8340F47B22F886B700A73914 /* Montserrat-Regular.ttf in Resources */ = {isa = PBXBuildFile; fileRef = 8340F47722F886B700A73914 /* Montserrat-Regular.ttf */; };
		8340F47C22F886B700A73914 /* Montserrat-SemiBold.ttf in Resources */ = {isa = PBXBuildFile; fileRef = 8340F47822F886B700A73914 /* Montserrat-SemiBold.ttf */; };
		8340F47F22F8906F00A73914 /* ColorAssets.xcassets in Resources */ = {isa = PBXBuildFile; fileRef = 8340F47E22F8906F00A73914 /* ColorAssets.xcassets */; };
		8340F48222F904D600A73914 /* SignUpViewController.swift in Sources */ = {isa = PBXBuildFile; fileRef = 8340F48122F904D600A73914 /* SignUpViewController.swift */; };
		8340F48422F9062600A73914 /* ForgotPasswordViewController.swift in Sources */ = {isa = PBXBuildFile; fileRef = 8340F48322F9062600A73914 /* ForgotPasswordViewController.swift */; };
		8340F48622F9066800A73914 /* AuthViewController.swift in Sources */ = {isa = PBXBuildFile; fileRef = 8340F48522F9066800A73914 /* AuthViewController.swift */; };
		8340F48922F90F8F00A73914 /* 2885-avatar-animations.json in Resources */ = {isa = PBXBuildFile; fileRef = 8340F48822F90F8F00A73914 /* 2885-avatar-animations.json */; };
/* End PBXBuildFile section */

/* Begin PBXFileReference section */
		55B526A8DD610DF1DCB3CE64 /* Pods-SocialBlob.debug.xcconfig */ = {isa = PBXFileReference; includeInIndex = 1; lastKnownFileType = text.xcconfig; name = "Pods-SocialBlob.debug.xcconfig"; path = "Target Support Files/Pods-SocialBlob/Pods-SocialBlob.debug.xcconfig"; sourceTree = "<group>"; };
		8340F45622F86D4600A73914 /* SocialBlob.app */ = {isa = PBXFileReference; explicitFileType = wrapper.application; includeInIndex = 0; path = SocialBlob.app; sourceTree = BUILT_PRODUCTS_DIR; };
		8340F45922F86D4600A73914 /* AppDelegate.swift */ = {isa = PBXFileReference; lastKnownFileType = sourcecode.swift; path = AppDelegate.swift; sourceTree = "<group>"; };
		8340F45E22F86D4700A73914 /* Base */ = {isa = PBXFileReference; lastKnownFileType = file.storyboard; name = Base; path = Base.lproj/Main.storyboard; sourceTree = "<group>"; };
		8340F46022F86D7600A73914 /* Assets.xcassets */ = {isa = PBXFileReference; lastKnownFileType = folder.assetcatalog; path = Assets.xcassets; sourceTree = "<group>"; };
		8340F46322F86D7600A73914 /* Base */ = {isa = PBXFileReference; lastKnownFileType = file.storyboard; name = Base; path = Base.lproj/LaunchScreen.storyboard; sourceTree = "<group>"; };
		8340F46522F86D7600A73914 /* Info.plist */ = {isa = PBXFileReference; lastKnownFileType = text.plist.xml; path = Info.plist; sourceTree = "<group>"; };
		8340F47222F884C900A73914 /* Default-568h@2x.png */ = {isa = PBXFileReference; lastKnownFileType = image.png; path = "Default-568h@2x.png"; sourceTree = "<group>"; };
		8340F47522F886B700A73914 /* Montserrat-Medium.ttf */ = {isa = PBXFileReference; lastKnownFileType = file; path = "Montserrat-Medium.ttf"; sourceTree = "<group>"; };
		8340F47622F886B700A73914 /* Montserrat-Bold.ttf */ = {isa = PBXFileReference; lastKnownFileType = file; path = "Montserrat-Bold.ttf"; sourceTree = "<group>"; };
		8340F47722F886B700A73914 /* Montserrat-Regular.ttf */ = {isa = PBXFileReference; lastKnownFileType = file; path = "Montserrat-Regular.ttf"; sourceTree = "<group>"; };
		8340F47822F886B700A73914 /* Montserrat-SemiBold.ttf */ = {isa = PBXFileReference; lastKnownFileType = file; path = "Montserrat-SemiBold.ttf"; sourceTree = "<group>"; };
		8340F47E22F8906F00A73914 /* ColorAssets.xcassets */ = {isa = PBXFileReference; lastKnownFileType = folder.assetcatalog; path = ColorAssets.xcassets; sourceTree = "<group>"; };
		8340F48122F904D600A73914 /* SignUpViewController.swift */ = {isa = PBXFileReference; lastKnownFileType = sourcecode.swift; path = SignUpViewController.swift; sourceTree = "<group>"; };
		8340F48322F9062600A73914 /* ForgotPasswordViewController.swift */ = {isa = PBXFileReference; lastKnownFileType = sourcecode.swift; path = ForgotPasswordViewController.swift; sourceTree = "<group>"; };
		8340F48522F9066800A73914 /* AuthViewController.swift */ = {isa = PBXFileReference; lastKnownFileType = sourcecode.swift; path = AuthViewController.swift; sourceTree = "<group>"; };
		8340F48822F90F8F00A73914 /* 2885-avatar-animations.json */ = {isa = PBXFileReference; fileEncoding = 4; lastKnownFileType = text.json; path = "2885-avatar-animations.json"; sourceTree = "<group>"; };
		CC8B5C9E68A7B323275D69AA /* Pods_SocialBlob.framework */ = {isa = PBXFileReference; explicitFileType = wrapper.framework; includeInIndex = 0; path = Pods_SocialBlob.framework; sourceTree = BUILT_PRODUCTS_DIR; };
		F63DAFEC1AF61BAEE91D32BD /* Pods-SocialBlob.release.xcconfig */ = {isa = PBXFileReference; includeInIndex = 1; lastKnownFileType = text.xcconfig; name = "Pods-SocialBlob.release.xcconfig"; path = "Target Support Files/Pods-SocialBlob/Pods-SocialBlob.release.xcconfig"; sourceTree = "<group>"; };
/* End PBXFileReference section */

/* Begin PBXFrameworksBuildPhase section */
		8340F45322F86D4500A73914 /* Frameworks */ = {
			isa = PBXFrameworksBuildPhase;
			buildActionMask = 2147483647;
			files = (
				0FD4B94CAFD48728120C94EC /* Pods_SocialBlob.framework in Frameworks */,
			);
			runOnlyForDeploymentPostprocessing = 0;
		};
/* End PBXFrameworksBuildPhase section */

/* Begin PBXGroup section */
		8340F44D22F86D4500A73914 = {
			isa = PBXGroup;
			children = (
				8340F47222F884C900A73914 /* Default-568h@2x.png */,
				8340F45822F86D4600A73914 /* SocialBlob */,
				8340F45722F86D4600A73914 /* Products */,
				F1FA74741B9108192E472650 /* Pods */,
				9547C9C8C4ED4FD4FD60A994 /* Frameworks */,
			);
			sourceTree = "<group>";
		};
		8340F45722F86D4600A73914 /* Products */ = {
			isa = PBXGroup;
			children = (
				8340F45622F86D4600A73914 /* SocialBlob.app */,
			);
			name = Products;
			sourceTree = "<group>";
		};
		8340F45822F86D4600A73914 /* SocialBlob */ = {
			isa = PBXGroup;
			children = (
				8340F46E22F87C5000A73914 /* Main */,
				8340F46C22F87C2E00A73914 /* Resources */,
				8340F46B22F87C1800A73914 /* Application */,
			);
			path = SocialBlob;
			sourceTree = "<group>";
		};
		8340F46B22F87C1800A73914 /* Application */ = {
			isa = PBXGroup;
			children = (
				8340F47022F87CF800A73914 /* Public */,
				8340F46F22F87CED00A73914 /* Private */,
			);
			path = Application;
			sourceTree = "<group>";
		};
		8340F46C22F87C2E00A73914 /* Resources */ = {
			isa = PBXGroup;
			children = (
				8340F48722F90F7400A73914 /* LottieAnimations */,
				8340F47D22F8903D00A73914 /* Color */,
				8340F47422F8866C00A73914 /* Fonts */,
				8340F46D22F87C3C00A73914 /* Images */,
			);
			path = Resources;
			sourceTree = "<group>";
		};
		8340F46D22F87C3C00A73914 /* Images */ = {
			isa = PBXGroup;
			children = (
				8340F46022F86D7600A73914 /* Assets.xcassets */,
			);
			path = Images;
			sourceTree = "<group>";
		};
		8340F46E22F87C5000A73914 /* Main */ = {
			isa = PBXGroup;
			children = (
				8340F46222F86D7600A73914 /* LaunchScreen.storyboard */,
				8340F46522F86D7600A73914 /* Info.plist */,
				8340F45922F86D4600A73914 /* AppDelegate.swift */,
			);
			path = Main;
			sourceTree = "<group>";
		};
		8340F46F22F87CED00A73914 /* Private */ = {
			isa = PBXGroup;
			children = (
			);
			path = Private;
			sourceTree = "<group>";
		};
		8340F47022F87CF800A73914 /* Public */ = {
			isa = PBXGroup;
			children = (
				8340F48022F904A200A73914 /* Auth */,
			);
			path = Public;
			sourceTree = "<group>";
		};
		8340F47422F8866C00A73914 /* Fonts */ = {
			isa = PBXGroup;
			children = (
				8340F47622F886B700A73914 /* Montserrat-Bold.ttf */,
				8340F47522F886B700A73914 /* Montserrat-Medium.ttf */,
				8340F47722F886B700A73914 /* Montserrat-Regular.ttf */,
				8340F47822F886B700A73914 /* Montserrat-SemiBold.ttf */,
			);
			path = Fonts;
			sourceTree = "<group>";
		};
		8340F47D22F8903D00A73914 /* Color */ = {
			isa = PBXGroup;
			children = (
				8340F47E22F8906F00A73914 /* ColorAssets.xcassets */,
			);
			path = Color;
			sourceTree = "<group>";
		};
		8340F48022F904A200A73914 /* Auth */ = {
			isa = PBXGroup;
			children = (
				8340F45D22F86D4700A73914 /* Main.storyboard */,
				8340F48122F904D600A73914 /* SignUpViewController.swift */,
				8340F48322F9062600A73914 /* ForgotPasswordViewController.swift */,
				8340F48522F9066800A73914 /* AuthViewController.swift */,
			);
			path = Auth;
			sourceTree = "<group>";
		};
		8340F48722F90F7400A73914 /* LottieAnimations */ = {
			isa = PBXGroup;
			children = (
				8340F48822F90F8F00A73914 /* 2885-avatar-animations.json */,
			);
			path = LottieAnimations;
			sourceTree = "<group>";
		};
		9547C9C8C4ED4FD4FD60A994 /* Frameworks */ = {
			isa = PBXGroup;
			children = (
				CC8B5C9E68A7B323275D69AA /* Pods_SocialBlob.framework */,
			);
			name = Frameworks;
			sourceTree = "<group>";
		};
		F1FA74741B9108192E472650 /* Pods */ = {
			isa = PBXGroup;
			children = (
				55B526A8DD610DF1DCB3CE64 /* Pods-SocialBlob.debug.xcconfig */,
				F63DAFEC1AF61BAEE91D32BD /* Pods-SocialBlob.release.xcconfig */,
			);
			path = Pods;
			sourceTree = "<group>";
		};
/* End PBXGroup section */

/* Begin PBXNativeTarget section */
		8340F45522F86D4500A73914 /* SocialBlob */ = {
			isa = PBXNativeTarget;
			buildConfigurationList = 8340F46822F86D7600A73914 /* Build configuration list for PBXNativeTarget "SocialBlob" */;
			buildPhases = (
				350DA094A32C80CBB512BD8F /* [CP] Check Pods Manifest.lock */,
				8340F45222F86D4500A73914 /* Sources */,
				8340F45322F86D4500A73914 /* Frameworks */,
				8340F45422F86D4500A73914 /* Resources */,
				9121A5925E6D5376D1F5E530 /* [CP] Embed Pods Frameworks */,
			);
			buildRules = (
			);
			dependencies = (
			);
			name = SocialBlob;
			productName = SocialBlob;
			productReference = 8340F45622F86D4600A73914 /* SocialBlob.app */;
			productType = "com.apple.product-type.application";
		};
/* End PBXNativeTarget section */

/* Begin PBXProject section */
		8340F44E22F86D4500A73914 /* Project object */ = {
			isa = PBXProject;
			attributes = {
				LastSwiftUpdateCheck = 1030;
				LastUpgradeCheck = 1030;
				ORGANIZATIONNAME = samack;
				TargetAttributes = {
					8340F45522F86D4500A73914 = {
						CreatedOnToolsVersion = 10.3;
					};
				};
			};
			buildConfigurationList = 8340F45122F86D4500A73914 /* Build configuration list for PBXProject "SocialBlob" */;
			compatibilityVersion = "Xcode 9.3";
			developmentRegion = en;
			hasScannedForEncodings = 0;
			knownRegions = (
				en,
				Base,
			);
			mainGroup = 8340F44D22F86D4500A73914;
			productRefGroup = 8340F45722F86D4600A73914 /* Products */;
			projectDirPath = "";
			projectRoot = "";
			targets = (
				8340F45522F86D4500A73914 /* SocialBlob */,
			);
		};
/* End PBXProject section */

/* Begin PBXResourcesBuildPhase section */
		8340F45422F86D4500A73914 /* Resources */ = {
			isa = PBXResourcesBuildPhase;
			buildActionMask = 2147483647;
			files = (
				8340F46422F86D7600A73914 /* LaunchScreen.storyboard in Resources */,
				8340F47922F886B700A73914 /* Montserrat-Medium.ttf in Resources */,
				8340F48922F90F8F00A73914 /* 2885-avatar-animations.json in Resources */,
				8340F47B22F886B700A73914 /* Montserrat-Regular.ttf in Resources */,
				8340F47A22F886B700A73914 /* Montserrat-Bold.ttf in Resources */,
				8340F47F22F8906F00A73914 /* ColorAssets.xcassets in Resources */,
				8340F47322F884C900A73914 /* Default-568h@2x.png in Resources */,
				8340F46122F86D7600A73914 /* Assets.xcassets in Resources */,
				8340F47C22F886B700A73914 /* Montserrat-SemiBold.ttf in Resources */,
				8340F45F22F86D4700A73914 /* Main.storyboard in Resources */,
			);
			runOnlyForDeploymentPostprocessing = 0;
		};
/* End PBXResourcesBuildPhase section */

/* Begin PBXShellScriptBuildPhase section */
		350DA094A32C80CBB512BD8F /* [CP] Check Pods Manifest.lock */ = {
			isa = PBXShellScriptBuildPhase;
			buildActionMask = 2147483647;
			files = (
			);
			inputFileListPaths = (
			);
			inputPaths = (
				"${PODS_PODFILE_DIR_PATH}/Podfile.lock",
				"${PODS_ROOT}/Manifest.lock",
			);
			name = "[CP] Check Pods Manifest.lock";
			outputFileListPaths = (
			);
			outputPaths = (
				"$(DERIVED_FILE_DIR)/Pods-SocialBlob-checkManifestLockResult.txt",
			);
			runOnlyForDeploymentPostprocessing = 0;
			shellPath = /bin/sh;
			shellScript = "diff \"${PODS_PODFILE_DIR_PATH}/Podfile.lock\" \"${PODS_ROOT}/Manifest.lock\" > /dev/null\nif [ $? != 0 ] ; then\n    # print error to STDERR\n    echo \"error: The sandbox is not in sync with the Podfile.lock. Run 'pod install' or update your CocoaPods installation.\" >&2\n    exit 1\nfi\n# This output is used by Xcode 'outputs' to avoid re-running this script phase.\necho \"SUCCESS\" > \"${SCRIPT_OUTPUT_FILE_0}\"\n";
			showEnvVarsInLog = 0;
		};
		9121A5925E6D5376D1F5E530 /* [CP] Embed Pods Frameworks */ = {
			isa = PBXShellScriptBuildPhase;
			buildActionMask = 2147483647;
			files = (
			);
			inputFileListPaths = (
			);
			inputPaths = (
				"${PODS_ROOT}/Target Support Files/Pods-SocialBlob/Pods-SocialBlob-frameworks.sh",
				"${BUILT_PRODUCTS_DIR}/IQKeyboardManagerSwift/IQKeyboardManagerSwift.framework",
				"${BUILT_PRODUCTS_DIR}/lottie-ios/Lottie.framework",
			);
			name = "[CP] Embed Pods Frameworks";
			outputFileListPaths = (
			);
			outputPaths = (
				"${TARGET_BUILD_DIR}/${FRAMEWORKS_FOLDER_PATH}/IQKeyboardManagerSwift.framework",
				"${TARGET_BUILD_DIR}/${FRAMEWORKS_FOLDER_PATH}/Lottie.framework",
			);
			runOnlyForDeploymentPostprocessing = 0;
			shellPath = /bin/sh;
			shellScript = "\"${PODS_ROOT}/Target Support Files/Pods-SocialBlob/Pods-SocialBlob-frameworks.sh\"\n";
			showEnvVarsInLog = 0;
		};
/* End PBXShellScriptBuildPhase section */

/* Begin PBXSourcesBuildPhase section */
		8340F45222F86D4500A73914 /* Sources */ = {
			isa = PBXSourcesBuildPhase;
			buildActionMask = 2147483647;
			files = (
				8340F48622F9066800A73914 /* AuthViewController.swift in Sources */,
				8340F48222F904D600A73914 /* SignUpViewController.swift in Sources */,
				8340F45A22F86D4600A73914 /* AppDelegate.swift in Sources */,
				8340F48422F9062600A73914 /* ForgotPasswordViewController.swift in Sources */,
			);
			runOnlyForDeploymentPostprocessing = 0;
		};
/* End PBXSourcesBuildPhase section */

/* Begin PBXVariantGroup section */
		8340F45D22F86D4700A73914 /* Main.storyboard */ = {
			isa = PBXVariantGroup;
			children = (
				8340F45E22F86D4700A73914 /* Base */,
			);
			name = Main.storyboard;
			sourceTree = "<group>";
		};
		8340F46222F86D7600A73914 /* LaunchScreen.storyboard */ = {
			isa = PBXVariantGroup;
			children = (
				8340F46322F86D7600A73914 /* Base */,
			);
			name = LaunchScreen.storyboard;
			sourceTree = "<group>";
		};
/* End PBXVariantGroup section */

/* Begin XCBuildConfiguration section */
		8340F46622F86D7600A73914 /* Debug */ = {
			isa = XCBuildConfiguration;
			buildSettings = {
				ALWAYS_SEARCH_USER_PATHS = NO;
				CLANG_ANALYZER_NONNULL = YES;
				CLANG_ANALYZER_NUMBER_OBJECT_CONVERSION = YES_AGGRESSIVE;
				CLANG_CXX_LANGUAGE_STANDARD = "gnu++14";
				CLANG_CXX_LIBRARY = "libc++";
				CLANG_ENABLE_MODULES = YES;
				CLANG_ENABLE_OBJC_ARC = YES;
				CLANG_ENABLE_OBJC_WEAK = YES;
				CLANG_WARN_BLOCK_CAPTURE_AUTORELEASING = YES;
				CLANG_WARN_BOOL_CONVERSION = YES;
				CLANG_WARN_COMMA = YES;
				CLANG_WARN_CONSTANT_CONVERSION = YES;
				CLANG_WARN_DEPRECATED_OBJC_IMPLEMENTATIONS = YES;
				CLANG_WARN_DIRECT_OBJC_ISA_USAGE = YES_ERROR;
				CLANG_WARN_DOCUMENTATION_COMMENTS = YES;
				CLANG_WARN_EMPTY_BODY = YES;
				CLANG_WARN_ENUM_CONVERSION = YES;
				CLANG_WARN_INFINITE_RECURSION = YES;
				CLANG_WARN_INT_CONVERSION = YES;
				CLANG_WARN_NON_LITERAL_NULL_CONVERSION = YES;
				CLANG_WARN_OBJC_IMPLICIT_RETAIN_SELF = YES;
				CLANG_WARN_OBJC_LITERAL_CONVERSION = YES;
				CLANG_WARN_OBJC_ROOT_CLASS = YES_ERROR;
				CLANG_WARN_RANGE_LOOP_ANALYSIS = YES;
				CLANG_WARN_STRICT_PROTOTYPES = YES;
				CLANG_WARN_SUSPICIOUS_MOVE = YES;
				CLANG_WARN_UNGUARDED_AVAILABILITY = YES_AGGRESSIVE;
				CLANG_WARN_UNREACHABLE_CODE = YES;
				CLANG_WARN__DUPLICATE_METHOD_MATCH = YES;
				CODE_SIGN_IDENTITY = "iPhone Developer";
				COPY_PHASE_STRIP = NO;
				DEBUG_INFORMATION_FORMAT = dwarf;
				ENABLE_STRICT_OBJC_MSGSEND = YES;
				ENABLE_TESTABILITY = YES;
				GCC_C_LANGUAGE_STANDARD = gnu11;
				GCC_DYNAMIC_NO_PIC = NO;
				GCC_NO_COMMON_BLOCKS = YES;
				GCC_OPTIMIZATION_LEVEL = 0;
				GCC_PREPROCESSOR_DEFINITIONS = (
					"DEBUG=1",
					"$(inherited)",
				);
				GCC_WARN_64_TO_32_BIT_CONVERSION = YES;
				GCC_WARN_ABOUT_RETURN_TYPE = YES_ERROR;
				GCC_WARN_UNDECLARED_SELECTOR = YES;
				GCC_WARN_UNINITIALIZED_AUTOS = YES_AGGRESSIVE;
				GCC_WARN_UNUSED_FUNCTION = YES;
				GCC_WARN_UNUSED_VARIABLE = YES;
				IPHONEOS_DEPLOYMENT_TARGET = 12.4;
				MTL_ENABLE_DEBUG_INFO = INCLUDE_SOURCE;
				MTL_FAST_MATH = YES;
				ONLY_ACTIVE_ARCH = YES;
				SDKROOT = iphoneos;
				SWIFT_ACTIVE_COMPILATION_CONDITIONS = DEBUG;
				SWIFT_OPTIMIZATION_LEVEL = "-Onone";
			};
			name = Debug;
		};
		8340F46722F86D7600A73914 /* Release */ = {
			isa = XCBuildConfiguration;
			buildSettings = {
				ALWAYS_SEARCH_USER_PATHS = NO;
				CLANG_ANALYZER_NONNULL = YES;
				CLANG_ANALYZER_NUMBER_OBJECT_CONVERSION = YES_AGGRESSIVE;
				CLANG_CXX_LANGUAGE_STANDARD = "gnu++14";
				CLANG_CXX_LIBRARY = "libc++";
				CLANG_ENABLE_MODULES = YES;
				CLANG_ENABLE_OBJC_ARC = YES;
				CLANG_ENABLE_OBJC_WEAK = YES;
				CLANG_WARN_BLOCK_CAPTURE_AUTORELEASING = YES;
				CLANG_WARN_BOOL_CONVERSION = YES;
				CLANG_WARN_COMMA = YES;
				CLANG_WARN_CONSTANT_CONVERSION = YES;
				CLANG_WARN_DEPRECATED_OBJC_IMPLEMENTATIONS = YES;
				CLANG_WARN_DIRECT_OBJC_ISA_USAGE = YES_ERROR;
				CLANG_WARN_DOCUMENTATION_COMMENTS = YES;
				CLANG_WARN_EMPTY_BODY = YES;
				CLANG_WARN_ENUM_CONVERSION = YES;
				CLANG_WARN_INFINITE_RECURSION = YES;
				CLANG_WARN_INT_CONVERSION = YES;
				CLANG_WARN_NON_LITERAL_NULL_CONVERSION = YES;
				CLANG_WARN_OBJC_IMPLICIT_RETAIN_SELF = YES;
				CLANG_WARN_OBJC_LITERAL_CONVERSION = YES;
				CLANG_WARN_OBJC_ROOT_CLASS = YES_ERROR;
				CLANG_WARN_RANGE_LOOP_ANALYSIS = YES;
				CLANG_WARN_STRICT_PROTOTYPES = YES;
				CLANG_WARN_SUSPICIOUS_MOVE = YES;
				CLANG_WARN_UNGUARDED_AVAILABILITY = YES_AGGRESSIVE;
				CLANG_WARN_UNREACHABLE_CODE = YES;
				CLANG_WARN__DUPLICATE_METHOD_MATCH = YES;
				CODE_SIGN_IDENTITY = "iPhone Developer";
				COPY_PHASE_STRIP = NO;
				DEBUG_INFORMATION_FORMAT = "dwarf-with-dsym";
				ENABLE_NS_ASSERTIONS = NO;
				ENABLE_STRICT_OBJC_MSGSEND = YES;
				GCC_C_LANGUAGE_STANDARD = gnu11;
				GCC_NO_COMMON_BLOCKS = YES;
				GCC_WARN_64_TO_32_BIT_CONVERSION = YES;
				GCC_WARN_ABOUT_RETURN_TYPE = YES_ERROR;
				GCC_WARN_UNDECLARED_SELECTOR = YES;
				GCC_WARN_UNINITIALIZED_AUTOS = YES_AGGRESSIVE;
				GCC_WARN_UNUSED_FUNCTION = YES;
				GCC_WARN_UNUSED_VARIABLE = YES;
				IPHONEOS_DEPLOYMENT_TARGET = 12.4;
				MTL_ENABLE_DEBUG_INFO = NO;
				MTL_FAST_MATH = YES;
				SDKROOT = iphoneos;
				SWIFT_COMPILATION_MODE = wholemodule;
				SWIFT_OPTIMIZATION_LEVEL = "-O";
				VALIDATE_PRODUCT = YES;
			};
			name = Release;
		};
		8340F46922F86D7600A73914 /* Debug */ = {
			isa = XCBuildConfiguration;
			baseConfigurationReference = 55B526A8DD610DF1DCB3CE64 /* Pods-SocialBlob.debug.xcconfig */;
			buildSettings = {
				ASSETCATALOG_COMPILER_APPICON_NAME = AppIcon;
				CODE_SIGN_STYLE = Automatic;
				DEVELOPMENT_TEAM = VX845L7QKT;
				INFOPLIST_FILE = "$(SRCROOT)/SocialBlob/Main/Info.plist";
				IPHONEOS_DEPLOYMENT_TARGET = 11.0;
				LD_RUNPATH_SEARCH_PATHS = (
					"$(inherited)",
					"@executable_path/Frameworks",
				);
				PRODUCT_BUNDLE_IDENTIFIER = com.samack.SocialBlob;
				PRODUCT_NAME = "$(TARGET_NAME)";
				SWIFT_VERSION = 5.0;
				TARGETED_DEVICE_FAMILY = "1,2";
			};
			name = Debug;
		};
		8340F46A22F86D7600A73914 /* Release */ = {
			isa = XCBuildConfiguration;
			baseConfigurationReference = F63DAFEC1AF61BAEE91D32BD /* Pods-SocialBlob.release.xcconfig */;
			buildSettings = {
				ASSETCATALOG_COMPILER_APPICON_NAME = AppIcon;
				CODE_SIGN_STYLE = Automatic;
				DEVELOPMENT_TEAM = VX845L7QKT;
				INFOPLIST_FILE = "$(SRCROOT)/SocialBlob/Main/Info.plist";
				IPHONEOS_DEPLOYMENT_TARGET = 11.0;
				LD_RUNPATH_SEARCH_PATHS = (
					"$(inherited)",
					"@executable_path/Frameworks",
				);
				PRODUCT_BUNDLE_IDENTIFIER = com.samack.SocialBlob;
				PRODUCT_NAME = "$(TARGET_NAME)";
				SWIFT_VERSION = 5.0;
				TARGETED_DEVICE_FAMILY = "1,2";
			};
			name = Release;
		};
/* End XCBuildConfiguration section */

/* Begin XCConfigurationList section */
		8340F45122F86D4500A73914 /* Build configuration list for PBXProject "SocialBlob" */ = {
			isa = XCConfigurationList;
			buildConfigurations = (
				8340F46622F86D7600A73914 /* Debug */,
				8340F46722F86D7600A73914 /* Release */,
			);
			defaultConfigurationIsVisible = 0;
			defaultConfigurationName = Release;
		};
		8340F46822F86D7600A73914 /* Build configuration list for PBXNativeTarget "SocialBlob" */ = {
			isa = XCConfigurationList;
			buildConfigurations = (
				8340F46922F86D7600A73914 /* Debug */,
				8340F46A22F86D7600A73914 /* Release */,
			);
			defaultConfigurationIsVisible = 0;
			defaultConfigurationName = Release;
		};
/* End XCConfigurationList section */
	};
	rootObject = 8340F44E22F86D4500A73914 /* Project object */;
}
